// !$*UTF8*$!
{
	archiveVersion = 1;
	classes = {
	};
	objectVersion = 48;
	objects = {

/* Begin PBXBuildFile section */
		AE61CE661F9B834E0052454D /* AppDelegate.swift in Sources */ = {isa = PBXBuildFile; fileRef = AE61CE651F9B834E0052454D /* AppDelegate.swift */; };
		AE61CE681F9B834E0052454D /* ViewController.swift in Sources */ = {isa = PBXBuildFile; fileRef = AE61CE671F9B834E0052454D /* ViewController.swift */; };
		AE61CE6B1F9B834E0052454D /* Main.storyboard in Resources */ = {isa = PBXBuildFile; fileRef = AE61CE691F9B834E0052454D /* Main.storyboard */; };
		AE61CE6E1F9B834E0052454D /* gcme.xcdatamodeld in Sources */ = {isa = PBXBuildFile; fileRef = AE61CE6C1F9B834E0052454D /* gcme.xcdatamodeld */; };
		AE61CE701F9B834E0052454D /* Assets.xcassets in Resources */ = {isa = PBXBuildFile; fileRef = AE61CE6F1F9B834E0052454D /* Assets.xcassets */; };
		AE61CE731F9B834E0052454D /* LaunchScreen.storyboard in Resources */ = {isa = PBXBuildFile; fileRef = AE61CE711F9B834E0052454D /* LaunchScreen.storyboard */; };
/* End PBXBuildFile section */

/* Begin PBXFileReference section */
		AE61CE621F9B834E0052454D /* gcme.app */ = {isa = PBXFileReference; explicitFileType = wrapper.application; includeInIndex = 0; path = gcme.app; sourceTree = BUILT_PRODUCTS_DIR; };
		AE61CE651F9B834E0052454D /* AppDelegate.swift */ = {isa = PBXFileReference; lastKnownFileType = sourcecode.swift; path = AppDelegate.swift; sourceTree = "<group>"; };
		AE61CE671F9B834E0052454D /* ViewController.swift */ = {isa = PBXFileReference; lastKnownFileType = sourcecode.swift; path = ViewController.swift; sourceTree = "<group>"; };
		AE61CE6A1F9B834E0052454D /* Base */ = {isa = PBXFileReference; lastKnownFileType = file.storyboard; name = Base; path = Base.lproj/Main.storyboard; sourceTree = "<group>"; };
		AE61CE6D1F9B834E0052454D /* gcme.xcdatamodel */ = {isa = PBXFileReference; lastKnownFileType = wrapper.xcdatamodel; path = gcme.xcdatamodel; sourceTree = "<group>"; };
		AE61CE6F1F9B834E0052454D /* Assets.xcassets */ = {isa = PBXFileReference; lastKnownFileType = folder.assetcatalog; path = Assets.xcassets; sourceTree = "<group>"; };
		AE61CE721F9B834E0052454D /* Base */ = {isa = PBXFileReference; lastKnownFileType = file.storyboard; name = Base; path = Base.lproj/LaunchScreen.storyboard; sourceTree = "<group>"; };
		AE61CE741F9B834E0052454D /* Info.plist */ = {isa = PBXFileReference; lastKnownFileType = text.plist.xml; path = Info.plist; sourceTree = "<group>"; };
/* End PBXFileReference section */

/* Begin PBXFrameworksBuildPhase section */
		AE61CE5F1F9B834E0052454D /* Frameworks */ = {
			isa = PBXFrameworksBuildPhase;
			buildActionMask = 2147483647;
			files = (
			);
			runOnlyForDeploymentPostprocessing = 0;
		};
/* End PBXFrameworksBuildPhase section */

/* Begin PBXGroup section */
		AE61CE591F9B834E0052454D = {
			isa = PBXGroup;
			children = (
				AE61CE641F9B834E0052454D /* gcme */,
				AE61CE631F9B834E0052454D /* Products */,
			);
			sourceTree = "<group>";
		};
		AE61CE631F9B834E0052454D /* Products */ = {
			isa = PBXGroup;
			children = (
				AE61CE621F9B834E0052454D /* gcme.app */,
			);
			name = Products;
			sourceTree = "<group>";
		};
		AE61CE641F9B834E0052454D /* gcme */ = {
			isa = PBXGroup;
			children = (
				AE61CE651F9B834E0052454D /* AppDelegate.swift */,
				AE61CE671F9B834E0052454D /* ViewController.swift */,
				AE61CE691F9B834E0052454D /* Main.storyboard */,
				AE61CE6F1F9B834E0052454D /* Assets.xcassets */,
				AE61CE711F9B834E0052454D /* LaunchScreen.storyboard */,
				AE61CE741F9B834E0052454D /* Info.plist */,
				AE61CE6C1F9B834E0052454D /* gcme.xcdatamodeld */,
			);
			path = gcme;
			sourceTree = "<group>";
		};
/* End PBXGroup section */

/* Begin PBXNativeTarget section */
		AE61CE611F9B834E0052454D /* gcme */ = {
			isa = PBXNativeTarget;
			buildConfigurationList = AE61CE771F9B834E0052454D /* Build configuration list for PBXNativeTarget "gcme" */;
			buildPhases = (
				AE61CE5E1F9B834E0052454D /* Sources */,
				AE61CE5F1F9B834E0052454D /* Frameworks */,
				AE61CE601F9B834E0052454D /* Resources */,
			);
			buildRules = (
			);
			dependencies = (
			);
			name = gcme;
			productName = gcme;
			productReference = AE61CE621F9B834E0052454D /* gcme.app */;
			productType = "com.apple.product-type.application";
		};
/* End PBXNativeTarget section */

/* Begin PBXProject section */
		AE61CE5A1F9B834E0052454D /* Project object */ = {
			isa = PBXProject;
			attributes = {
				LastSwiftUpdateCheck = 0900;
				LastUpgradeCheck = 0900;
				ORGANIZATIONNAME = Xcode;
				TargetAttributes = {
					AE61CE611F9B834E0052454D = {
						CreatedOnToolsVersion = 9.0.1;
						ProvisioningStyle = Automatic;
					};
				};
			};
			buildConfigurationList = AE61CE5D1F9B834E0052454D /* Build configuration list for PBXProject "gcme" */;
			compatibilityVersion = "Xcode 8.0";
			developmentRegion = en;
			hasScannedForEncodings = 0;
			knownRegions = (
				en,
				Base,
			);
			mainGroup = AE61CE591F9B834E0052454D;
			productRefGroup = AE61CE631F9B834E0052454D /* Products */;
			projectDirPath = "";
			projectRoot = "";
			targets = (
				AE61CE611F9B834E0052454D /* gcme */,
			);
		};
/* End PBXProject section */

/* Begin PBXResourcesBuildPhase section */
		AE61CE601F9B834E0052454D /* Resources */ = {
			isa = PBXResourcesBuildPhase;
			buildActionMask = 2147483647;
			files = (
				AE61CE731F9B834E0052454D /* LaunchScreen.storyboard in Resources */,
				AE61CE701F9B834E0052454D /* Assets.xcassets in Resources */,
				AE61CE6B1F9B834E0052454D /* Main.storyboard in Resources */,
			);
			runOnlyForDeploymentPostprocessing = 0;
		};
/* End PBXResourcesBuildPhase section */

/* Begin PBXSourcesBuildPhase section */
		AE61CE5E1F9B834E0052454D /* Sources */ = {
			isa = PBXSourcesBuildPhase;
			buildActionMask = 2147483647;
			files = (
				AE61CE681F9B834E0052454D /* ViewController.swift in Sources */,
				AE61CE6E1F9B834E0052454D /* gcme.xcdatamodeld in Sources */,
				AE61CE661F9B834E0052454D /* AppDelegate.swift in Sources */,
			);
			runOnlyForDeploymentPostprocessing = 0;
		};
/* End PBXSourcesBuildPhase section */

/* Begin PBXVariantGroup section */
		AE61CE691F9B834E0052454D /* Main.storyboard */ = {
			isa = PBXVariantGroup;
			children = (
				AE61CE6A1F9B834E0052454D /* Base */,
			);
			name = Main.storyboard;
			sourceTree = "<group>";
		};
		AE61CE711F9B834E0052454D /* LaunchScreen.storyboard */ = {
			isa = PBXVariantGroup;
			children = (
				AE61CE721F9B834E0052454D /* Base */,
			);
			name = LaunchScreen.storyboard;
			sourceTree = "<group>";
		};
/* End PBXVariantGroup section */

/* Begin XCBuildConfiguration section */
		AE61CE751F9B834E0052454D /* Debug */ = {
			isa = XCBuildConfiguration;
			buildSettings = {
				ALWAYS_SEARCH_USER_PATHS = NO;
				CLANG_ANALYZER_NONNULL = YES;
				CLANG_ANALYZER_NUMBER_OBJECT_CONVERSION = YES_AGGRESSIVE;
				CLANG_CXX_LANGUAGE_STANDARD = "gnu++14";
				CLANG_CXX_LIBRARY = "libc++";
				CLANG_ENABLE_MODULES = YES;
				CLANG_ENABLE_OBJC_ARC = YES;
				CLANG_WARN_BLOCK_CAPTURE_AUTORELEASING = YES;
				CLANG_WARN_BOOL_CONVERSION = YES;
				CLANG_WARN_COMMA = YES;
				CLANG_WARN_CONSTANT_CONVERSION = YES;
				CLANG_WARN_DIRECT_OBJC_ISA_USAGE = YES_ERROR;
				CLANG_WARN_DOCUMENTATION_COMMENTS = YES;
				CLANG_WARN_EMPTY_BODY = YES;
				CLANG_WARN_ENUM_CONVERSION = YES;
				CLANG_WARN_INFINITE_RECURSION = YES;
				CLANG_WARN_INT_CONVERSION = YES;
				CLANG_WARN_NON_LITERAL_NULL_CONVERSION = YES;
				CLANG_WARN_OBJC_LITERAL_CONVERSION = YES;
				CLANG_WARN_OBJC_ROOT_CLASS = YES_ERROR;
				CLANG_WARN_RANGE_LOOP_ANALYSIS = YES;
				CLANG_WARN_STRICT_PROTOTYPES = YES;
				CLANG_WARN_SUSPICIOUS_MOVE = YES;
				CLANG_WARN_UNGUARDED_AVAILABILITY = YES_AGGRESSIVE;
				CLANG_WARN_UNREACHABLE_CODE = YES;
				CLANG_WARN__DUPLICATE_METHOD_MATCH = YES;
				CODE_SIGN_IDENTITY = "iPhone Developer";
				COPY_PHASE_STRIP = NO;
				DEBUG_INFORMATION_FORMAT = dwarf;
				ENABLE_STRICT_OBJC_MSGSEND = YES;
				ENABLE_TESTABILITY = YES;
				GCC_C_LANGUAGE_STANDARD = gnu11;
				GCC_DYNAMIC_NO_PIC = NO;
				GCC_NO_COMMON_BLOCKS = YES;
				GCC_OPTIMIZATION_LEVEL = 0;
				GCC_PREPROCESSOR_DEFINITIONS = (
					"DEBUG=1",
					"$(inherited)",
				);
				GCC_WARN_64_TO_32_BIT_CONVERSION = YES;
				GCC_WARN_ABOUT_RETURN_TYPE = YES_ERROR;
				GCC_WARN_UNDECLARED_SELECTOR = YES;
				GCC_WARN_UNINITIALIZED_AUTOS = YES_AGGRESSIVE;
				GCC_WARN_UNUSED_FUNCTION = YES;
				GCC_WARN_UNUSED_VARIABLE = YES;
				IPHONEOS_DEPLOYMENT_TARGET = 11.0;
				MTL_ENABLE_DEBUG_INFO = YES;
				ONLY_ACTIVE_ARCH = YES;
				SDKROOT = iphoneos;
				SWIFT_ACTIVE_COMPILATION_CONDITIONS = DEBUG;
				SWIFT_OPTIMIZATION_LEVEL = "-Onone";
			};
			name = Debug;
		};
		AE61CE761F9B834E0052454D /* Release */ = {
			isa = XCBuildConfiguration;
			buildSettings = {
				ALWAYS_SEARCH_USER_PATHS = NO;
				CLANG_ANALYZER_NONNULL = YES;
				CLANG_ANALYZER_NUMBER_OBJECT_CONVERSION = YES_AGGRESSIVE;
				CLANG_CXX_LANGUAGE_STANDARD = "gnu++14";
				CLANG_CXX_LIBRARY = "libc++";
				CLANG_ENABLE_MODULES = YES;
				CLANG_ENABLE_OBJC_ARC = YES;
				CLANG_WARN_BLOCK_CAPTURE_AUTORELEASING = YES;
				CLANG_WARN_BOOL_CONVERSION = YES;
				CLANG_WARN_COMMA = YES;
				CLANG_WARN_CONSTANT_CONVERSION = YES;
				CLANG_WARN_DIRECT_OBJC_ISA_USAGE = YES_ERROR;
				CLANG_WARN_DOCUMENTATION_COMMENTS = YES;
				CLANG_WARN_EMPTY_BODY = YES;
				CLANG_WARN_ENUM_CONVERSION = YES;
				CLANG_WARN_INFINITE_RECURSION = YES;
				CLANG_WARN_INT_CONVERSION = YES;
				CLANG_WARN_NON_LITERAL_NULL_CONVERSION = YES;
				CLANG_WARN_OBJC_LITERAL_CONVERSION = YES;
				CLANG_WARN_OBJC_ROOT_CLASS = YES_ERROR;
				CLANG_WARN_RANGE_LOOP_ANALYSIS = YES;
				CLANG_WARN_STRICT_PROTOTYPES = YES;
				CLANG_WARN_SUSPICIOUS_MOVE = YES;
				CLANG_WARN_UNGUARDED_AVAILABILITY = YES_AGGRESSIVE;
				CLANG_WARN_UNREACHABLE_CODE = YES;
				CLANG_WARN__DUPLICATE_METHOD_MATCH = YES;
				CODE_SIGN_IDENTITY = "iPhone Developer";
				COPY_PHASE_STRIP = NO;
				DEBUG_INFORMATION_FORMAT = "dwarf-with-dsym";
				ENABLE_NS_ASSERTIONS = NO;
				ENABLE_STRICT_OBJC_MSGSEND = YES;
				GCC_C_LANGUAGE_STANDARD = gnu11;
				GCC_NO_COMMON_BLOCKS = YES;
				GCC_WARN_64_TO_32_BIT_CONVERSION = YES;
				GCC_WARN_ABOUT_RETURN_TYPE = YES_ERROR;
				GCC_WARN_UNDECLARED_SELECTOR = YES;
				GCC_WARN_UNINITIALIZED_AUTOS = YES_AGGRESSIVE;
				GCC_WARN_UNUSED_FUNCTION = YES;
				GCC_WARN_UNUSED_VARIABLE = YES;
				IPHONEOS_DEPLOYMENT_TARGET = 11.0;
				MTL_ENABLE_DEBUG_INFO = NO;
				SDKROOT = iphoneos;
				SWIFT_OPTIMIZATION_LEVEL = "-Owholemodule";
				VALIDATE_PRODUCT = YES;
			};
			name = Release;
		};
		AE61CE781F9B834E0052454D /* Debug */ = {
			isa = XCBuildConfiguration;
			buildSettings = {
				ASSETCATALOG_COMPILER_APPICON_NAME = AppIcon;
				CODE_SIGN_STYLE = Automatic;
				INFOPLIST_FILE = gcme/Info.plist;
				LD_RUNPATH_SEARCH_PATHS = "$(inherited) @executable_path/Frameworks";
				PRODUCT_BUNDLE_IDENTIFIER = gcmeds.gcme;
				PRODUCT_NAME = "$(TARGET_NAME)";
				SWIFT_VERSION = 4.0;
				TARGETED_DEVICE_FAMILY = "1,2";
			};
			name = Debug;
		};
		AE61CE791F9B834E0052454D /* Release */ = {
			isa = XCBuildConfiguration;
			buildSettings = {
				ASSETCATALOG_COMPILER_APPICON_NAME = AppIcon;
				CODE_SIGN_STYLE = Automatic;
				INFOPLIST_FILE = gcme/Info.plist;
				LD_RUNPATH_SEARCH_PATHS = "$(inherited) @executable_path/Frameworks";
				PRODUCT_BUNDLE_IDENTIFIER = gcmeds.gcme;
				PRODUCT_NAME = "$(TARGET_NAME)";
				SWIFT_VERSION = 4.0;
				TARGETED_DEVICE_FAMILY = "1,2";
			};
			name = Release;
		};
/* End XCBuildConfiguration section */

/* Begin XCConfigurationList section */
		AE61CE5D1F9B834E0052454D /* Build configuration list for PBXProject "gcme" */ = {
			isa = XCConfigurationList;
			buildConfigurations = (
				AE61CE751F9B834E0052454D /* Debug */,
				AE61CE761F9B834E0052454D /* Release */,
			);
			defaultConfigurationIsVisible = 0;
			defaultConfigurationName = Release;
		};
		AE61CE771F9B834E0052454D /* Build configuration list for PBXNativeTarget "gcme" */ = {
			isa = XCConfigurationList;
			buildConfigurations = (
				AE61CE781F9B834E0052454D /* Debug */,
				AE61CE791F9B834E0052454D /* Release */,
			);
			defaultConfigurationIsVisible = 0;
			defaultConfigurationName = Release;
		};
/* End XCConfigurationList section */

/* Begin XCVersionGroup section */
		AE61CE6C1F9B834E0052454D /* gcme.xcdatamodeld */ = {
			isa = XCVersionGroup;
			children = (
				AE61CE6D1F9B834E0052454D /* gcme.xcdatamodel */,
			);
			currentVersion = AE61CE6D1F9B834E0052454D /* gcme.xcdatamodel */;
			path = gcme.xcdatamodeld;
			sourceTree = "<group>";
			versionGroupType = wrapper.xcdatamodel;
		};
/* End XCVersionGroup section */
	};
	rootObject = AE61CE5A1F9B834E0052454D /* Project object */;
}
